// !$*UTF8*$!
{
	archiveVersion = 1;
	classes = {
	};
	objectVersion = 46;
	objects = {

/* Begin PBXBuildFile section */
		ED3A48D51CF5A97C002C91F3 /* AppDelegate.swift in Sources */ = {isa = PBXBuildFile; fileRef = ED3A48D41CF5A97C002C91F3 /* AppDelegate.swift */; };
		ED3A48D71CF5A97C002C91F3 /* ViewController.swift in Sources */ = {isa = PBXBuildFile; fileRef = ED3A48D61CF5A97C002C91F3 /* ViewController.swift */; };
		ED3A48DA1CF5A97C002C91F3 /* Main.storyboard in Resources */ = {isa = PBXBuildFile; fileRef = ED3A48D81CF5A97C002C91F3 /* Main.storyboard */; };
		ED3A48DC1CF5A97C002C91F3 /* Assets.xcassets in Resources */ = {isa = PBXBuildFile; fileRef = ED3A48DB1CF5A97C002C91F3 /* Assets.xcassets */; };
		ED3A48DF1CF5A97C002C91F3 /* LaunchScreen.storyboard in Resources */ = {isa = PBXBuildFile; fileRef = ED3A48DD1CF5A97C002C91F3 /* LaunchScreen.storyboard */; };
		ED3A48E71CF5A9E5002C91F3 /* LineChartView.swift in Sources */ = {isa = PBXBuildFile; fileRef = ED3A48E61CF5A9E5002C91F3 /* LineChartView.swift */; };
		ED8312BF1CFC111E007FB081 /* BarChartView.swift in Sources */ = {isa = PBXBuildFile; fileRef = ED8312BE1CFC111E007FB081 /* BarChartView.swift */; };
		ED8312C11CFC3775007FB081 /* BezierView.swift in Sources */ = {isa = PBXBuildFile; fileRef = ED8312C01CFC3775007FB081 /* BezierView.swift */; };
/* End PBXBuildFile section */

/* Begin PBXFileReference section */
		ED3A48D11CF5A97C002C91F3 /* LineChartAnimation.app */ = {isa = PBXFileReference; explicitFileType = wrapper.application; includeInIndex = 0; path = LineChartAnimation.app; sourceTree = BUILT_PRODUCTS_DIR; };
		ED3A48D41CF5A97C002C91F3 /* AppDelegate.swift */ = {isa = PBXFileReference; lastKnownFileType = sourcecode.swift; path = AppDelegate.swift; sourceTree = "<group>"; };
		ED3A48D61CF5A97C002C91F3 /* ViewController.swift */ = {isa = PBXFileReference; lastKnownFileType = sourcecode.swift; path = ViewController.swift; sourceTree = "<group>"; };
		ED3A48D91CF5A97C002C91F3 /* Base */ = {isa = PBXFileReference; lastKnownFileType = file.storyboard; name = Base; path = Base.lproj/Main.storyboard; sourceTree = "<group>"; };
		ED3A48DB1CF5A97C002C91F3 /* Assets.xcassets */ = {isa = PBXFileReference; lastKnownFileType = folder.assetcatalog; path = Assets.xcassets; sourceTree = "<group>"; };
		ED3A48DE1CF5A97C002C91F3 /* Base */ = {isa = PBXFileReference; lastKnownFileType = file.storyboard; name = Base; path = Base.lproj/LaunchScreen.storyboard; sourceTree = "<group>"; };
		ED3A48E01CF5A97C002C91F3 /* Info.plist */ = {isa = PBXFileReference; lastKnownFileType = text.plist.xml; path = Info.plist; sourceTree = "<group>"; };
		ED3A48E61CF5A9E5002C91F3 /* LineChartView.swift */ = {isa = PBXFileReference; fileEncoding = 4; lastKnownFileType = sourcecode.swift; path = LineChartView.swift; sourceTree = "<group>"; };
		ED8312BE1CFC111E007FB081 /* BarChartView.swift */ = {isa = PBXFileReference; fileEncoding = 4; lastKnownFileType = sourcecode.swift; path = BarChartView.swift; sourceTree = "<group>"; };
		ED8312C01CFC3775007FB081 /* BezierView.swift */ = {isa = PBXFileReference; fileEncoding = 4; lastKnownFileType = sourcecode.swift; path = BezierView.swift; sourceTree = "<group>"; };
/* End PBXFileReference section */

/* Begin PBXFrameworksBuildPhase section */
		ED3A48CE1CF5A97C002C91F3 /* Frameworks */ = {
			isa = PBXFrameworksBuildPhase;
			buildActionMask = 2147483647;
			files = (
			);
			runOnlyForDeploymentPostprocessing = 0;
		};
/* End PBXFrameworksBuildPhase section */

/* Begin PBXGroup section */
		ED3A48C81CF5A97C002C91F3 = {
			isa = PBXGroup;
			children = (
				ED3A48D31CF5A97C002C91F3 /* LineChartAnimation */,
				ED3A48D21CF5A97C002C91F3 /* Products */,
			);
			sourceTree = "<group>";
		};
		ED3A48D21CF5A97C002C91F3 /* Products */ = {
			isa = PBXGroup;
			children = (
				ED3A48D11CF5A97C002C91F3 /* LineChartAnimation.app */,
			);
			name = Products;
			sourceTree = "<group>";
		};
		ED3A48D31CF5A97C002C91F3 /* LineChartAnimation */ = {
			isa = PBXGroup;
			children = (
				ED3A48D41CF5A97C002C91F3 /* AppDelegate.swift */,
				ED3A48D61CF5A97C002C91F3 /* ViewController.swift */,
				ED3A48E61CF5A9E5002C91F3 /* LineChartView.swift */,
				ED8312BE1CFC111E007FB081 /* BarChartView.swift */,
				ED8312C01CFC3775007FB081 /* BezierView.swift */,
				ED3A48D81CF5A97C002C91F3 /* Main.storyboard */,
				ED3A48DB1CF5A97C002C91F3 /* Assets.xcassets */,
				ED3A48DD1CF5A97C002C91F3 /* LaunchScreen.storyboard */,
				ED3A48E01CF5A97C002C91F3 /* Info.plist */,
			);
			path = LineChartAnimation;
			sourceTree = "<group>";
		};
/* End PBXGroup section */

/* Begin PBXNativeTarget section */
		ED3A48D01CF5A97C002C91F3 /* LineChartAnimation */ = {
			isa = PBXNativeTarget;
			buildConfigurationList = ED3A48E31CF5A97C002C91F3 /* Build configuration list for PBXNativeTarget "LineChartAnimation" */;
			buildPhases = (
				ED3A48CD1CF5A97C002C91F3 /* Sources */,
				ED3A48CE1CF5A97C002C91F3 /* Frameworks */,
				ED3A48CF1CF5A97C002C91F3 /* Resources */,
			);
			buildRules = (
			);
			dependencies = (
			);
			name = LineChartAnimation;
			productName = LineChartAnimation;
			productReference = ED3A48D11CF5A97C002C91F3 /* LineChartAnimation.app */;
			productType = "com.apple.product-type.application";
		};
/* End PBXNativeTarget section */

/* Begin PBXProject section */
		ED3A48C91CF5A97C002C91F3 /* Project object */ = {
			isa = PBXProject;
			attributes = {
				LastSwiftUpdateCheck = 0710;
				LastUpgradeCheck = 0710;
				ORGANIZATIONNAME = jones;
				TargetAttributes = {
					ED3A48D01CF5A97C002C91F3 = {
						CreatedOnToolsVersion = 7.1;
						LastSwiftMigration = 0800;
					};
				};
			};
			buildConfigurationList = ED3A48CC1CF5A97C002C91F3 /* Build configuration list for PBXProject "LineChartAnimation" */;
			compatibilityVersion = "Xcode 3.2";
			developmentRegion = English;
			hasScannedForEncodings = 0;
			knownRegions = (
				en,
				Base,
			);
			mainGroup = ED3A48C81CF5A97C002C91F3;
			productRefGroup = ED3A48D21CF5A97C002C91F3 /* Products */;
			projectDirPath = "";
			projectRoot = "";
			targets = (
				ED3A48D01CF5A97C002C91F3 /* LineChartAnimation */,
			);
		};
/* End PBXProject section */

/* Begin PBXResourcesBuildPhase section */
		ED3A48CF1CF5A97C002C91F3 /* Resources */ = {
			isa = PBXResourcesBuildPhase;
			buildActionMask = 2147483647;
			files = (
				ED3A48DF1CF5A97C002C91F3 /* LaunchScreen.storyboard in Resources */,
				ED3A48DC1CF5A97C002C91F3 /* Assets.xcassets in Resources */,
				ED3A48DA1CF5A97C002C91F3 /* Main.storyboard in Resources */,
			);
			runOnlyForDeploymentPostprocessing = 0;
		};
/* End PBXResourcesBuildPhase section */

/* Begin PBXSourcesBuildPhase section */
		ED3A48CD1CF5A97C002C91F3 /* Sources */ = {
			isa = PBXSourcesBuildPhase;
			buildActionMask = 2147483647;
			files = (
				ED3A48D71CF5A97C002C91F3 /* ViewController.swift in Sources */,
				ED3A48D51CF5A97C002C91F3 /* AppDelegate.swift in Sources */,
				ED3A48E71CF5A9E5002C91F3 /* LineChartView.swift in Sources */,
				ED8312BF1CFC111E007FB081 /* BarChartView.swift in Sources */,
				ED8312C11CFC3775007FB081 /* BezierView.swift in Sources */,
			);
			runOnlyForDeploymentPostprocessing = 0;
		};
/* End PBXSourcesBuildPhase section */

/* Begin PBXVariantGroup section */
		ED3A48D81CF5A97C002C91F3 /* Main.storyboard */ = {
			isa = PBXVariantGroup;
			children = (
				ED3A48D91CF5A97C002C91F3 /* Base */,
			);
			name = Main.storyboard;
			sourceTree = "<group>";
		};
		ED3A48DD1CF5A97C002C91F3 /* LaunchScreen.storyboard */ = {
			isa = PBXVariantGroup;
			children = (
				ED3A48DE1CF5A97C002C91F3 /* Base */,
			);
			name = LaunchScreen.storyboard;
			sourceTree = "<group>";
		};
/* End PBXVariantGroup section */

/* Begin XCBuildConfiguration section */
		ED3A48E11CF5A97C002C91F3 /* Debug */ = {
			isa = XCBuildConfiguration;
			buildSettings = {
				ALWAYS_SEARCH_USER_PATHS = NO;
				CLANG_CXX_LANGUAGE_STANDARD = "gnu++0x";
				CLANG_CXX_LIBRARY = "libc++";
				CLANG_ENABLE_MODULES = YES;
				CLANG_ENABLE_OBJC_ARC = YES;
				CLANG_WARN_BOOL_CONVERSION = YES;
				CLANG_WARN_CONSTANT_CONVERSION = YES;
				CLANG_WARN_DIRECT_OBJC_ISA_USAGE = YES_ERROR;
				CLANG_WARN_EMPTY_BODY = YES;
				CLANG_WARN_ENUM_CONVERSION = YES;
				CLANG_WARN_INT_CONVERSION = YES;
				CLANG_WARN_OBJC_ROOT_CLASS = YES_ERROR;
				CLANG_WARN_UNREACHABLE_CODE = YES;
				CLANG_WARN__DUPLICATE_METHOD_MATCH = YES;
				"CODE_SIGN_IDENTITY[sdk=iphoneos*]" = "iPhone Developer";
				COPY_PHASE_STRIP = NO;
				DEBUG_INFORMATION_FORMAT = dwarf;
				ENABLE_STRICT_OBJC_MSGSEND = YES;
				ENABLE_TESTABILITY = YES;
				GCC_C_LANGUAGE_STANDARD = gnu99;
				GCC_DYNAMIC_NO_PIC = NO;
				GCC_NO_COMMON_BLOCKS = YES;
				GCC_OPTIMIZATION_LEVEL = 0;
				GCC_PREPROCESSOR_DEFINITIONS = (
					"DEBUG=1",
					"$(inherited)",
				);
				GCC_WARN_64_TO_32_BIT_CONVERSION = YES;
				GCC_WARN_ABOUT_RETURN_TYPE = YES_ERROR;
				GCC_WARN_UNDECLARED_SELECTOR = YES;
				GCC_WARN_UNINITIALIZED_AUTOS = YES_AGGRESSIVE;
				GCC_WARN_UNUSED_FUNCTION = YES;
				GCC_WARN_UNUSED_VARIABLE = YES;
				IPHONEOS_DEPLOYMENT_TARGET = 9.1;
				MTL_ENABLE_DEBUG_INFO = YES;
				ONLY_ACTIVE_ARCH = YES;
				SDKROOT = iphoneos;
				SWIFT_OPTIMIZATION_LEVEL = "-Onone";
			};
			name = Debug;
		};
		ED3A48E21CF5A97C002C91F3 /* Release */ = {
			isa = XCBuildConfiguration;
			buildSettings = {
				ALWAYS_SEARCH_USER_PATHS = NO;
				CLANG_CXX_LANGUAGE_STANDARD = "gnu++0x";
				CLANG_CXX_LIBRARY = "libc++";
				CLANG_ENABLE_MODULES = YES;
				CLANG_ENABLE_OBJC_ARC = YES;
				CLANG_WARN_BOOL_CONVERSION = YES;
				CLANG_WARN_CONSTANT_CONVERSION = YES;
				CLANG_WARN_DIRECT_OBJC_ISA_USAGE = YES_ERROR;
				CLANG_WARN_EMPTY_BODY = YES;
				CLANG_WARN_ENUM_CONVERSION = YES;
				CLANG_WARN_INT_CONVERSION = YES;
				CLANG_WARN_OBJC_ROOT_CLASS = YES_ERROR;
				CLANG_WARN_UNREACHABLE_CODE = YES;
				CLANG_WARN__DUPLICATE_METHOD_MATCH = YES;
				"CODE_SIGN_IDENTITY[sdk=iphoneos*]" = "iPhone Developer";
				COPY_PHASE_STRIP = NO;
				DEBUG_INFORMATION_FORMAT = "dwarf-with-dsym";
				ENABLE_NS_ASSERTIONS = NO;
				ENABLE_STRICT_OBJC_MSGSEND = YES;
				GCC_C_LANGUAGE_STANDARD = gnu99;
				GCC_NO_COMMON_BLOCKS = YES;
				GCC_WARN_64_TO_32_BIT_CONVERSION = YES;
				GCC_WARN_ABOUT_RETURN_TYPE = YES_ERROR;
				GCC_WARN_UNDECLARED_SELECTOR = YES;
				GCC_WARN_UNINITIALIZED_AUTOS = YES_AGGRESSIVE;
				GCC_WARN_UNUSED_FUNCTION = YES;
				GCC_WARN_UNUSED_VARIABLE = YES;
				IPHONEOS_DEPLOYMENT_TARGET = 9.1;
				MTL_ENABLE_DEBUG_INFO = NO;
				SDKROOT = iphoneos;
				VALIDATE_PRODUCT = YES;
			};
			name = Release;
		};
		ED3A48E41CF5A97C002C91F3 /* Debug */ = {
			isa = XCBuildConfiguration;
			buildSettings = {
				ASSETCATALOG_COMPILER_APPICON_NAME = AppIcon;
				INFOPLIST_FILE = LineChartAnimation/Info.plist;
				LD_RUNPATH_SEARCH_PATHS = "$(inherited) @executable_path/Frameworks";
				PRODUCT_BUNDLE_IDENTIFIER = www.jones.com.cn.LineChartAnimation;
				PRODUCT_NAME = "$(TARGET_NAME)";
				SWIFT_VERSION = 3.0;
			};
			name = Debug;
		};
		ED3A48E51CF5A97C002C91F3 /* Release */ = {
			isa = XCBuildConfiguration;
			buildSettings = {
				ASSETCATALOG_COMPILER_APPICON_NAME = AppIcon;
				INFOPLIST_FILE = LineChartAnimation/Info.plist;
				LD_RUNPATH_SEARCH_PATHS = "$(inherited) @executable_path/Frameworks";
				PRODUCT_BUNDLE_IDENTIFIER = www.jones.com.cn.LineChartAnimation;
				PRODUCT_NAME = "$(TARGET_NAME)";
				SWIFT_VERSION = 3.0;
			};
			name = Release;
		};
/* End XCBuildConfiguration section */

/* Begin XCConfigurationList section */
		ED3A48CC1CF5A97C002C91F3 /* Build configuration list for PBXProject "LineChartAnimation" */ = {
			isa = XCConfigurationList;
			buildConfigurations = (
				ED3A48E11CF5A97C002C91F3 /* Debug */,
				ED3A48E21CF5A97C002C91F3 /* Release */,
			);
			defaultConfigurationIsVisible = 0;
			defaultConfigurationName = Release;
		};
		ED3A48E31CF5A97C002C91F3 /* Build configuration list for PBXNativeTarget "LineChartAnimation" */ = {
			isa = XCConfigurationList;
			buildConfigurations = (
				ED3A48E41CF5A97C002C91F3 /* Debug */,
				ED3A48E51CF5A97C002C91F3 /* Release */,
			);
			defaultConfigurationIsVisible = 0;
			defaultConfigurationName = Release;
		};
/* End XCConfigurationList section */
	};
	rootObject = ED3A48C91CF5A97C002C91F3 /* Project object */;
}
